<?xml version="1.0" encoding="utf-8"?>
<Project ToolsVersion="4.0" xmlns="http://schemas.microsoft.com/developer/msbuild/2003">
  <ItemGroup>
    <Filter Include="Obligatorio">
      <UniqueIdentifier>{288f1f99-c3c9-4721-83c2-89f1e1834f2d}</UniqueIdentifier>
    </Filter>
    <Filter Include="Obligatorio\Pruebas">
      <UniqueIdentifier>{ec6ed5e1-1060-4607-b4f7-9efbc68609a8}</UniqueIdentifier>
    </Filter>
    <Filter Include="Obligatorio\Implementacion">
      <UniqueIdentifier>{5f63c92d-1635-4d7e-a513-4bf82e999fe4}</UniqueIdentifier>
    </Filter>
    <Filter Include="Obligatorio\Tads">
      <UniqueIdentifier>{dbba3574-390f-48f9-ac1c-47e7674383f7}</UniqueIdentifier>
    </Filter>
    <Filter Include="Obligatorio\Tads\Lista">
      <UniqueIdentifier>{3e37339b-1e03-4c44-ac52-cdd4cceb1110}</UniqueIdentifier>
    </Filter>
    <Filter Include="Obligatorio\Tads\Hash">
      <UniqueIdentifier>{f21f3d19-4609-4e6f-9aa5-8c9c527d1f18}</UniqueIdentifier>
    </Filter>
    <Filter Include="Obligatorio\Tads\Grafo">
      <UniqueIdentifier>{f75a0631-90c2-4558-bba8-19426074971e}</UniqueIdentifier>
    </Filter>
    <Filter Include="Obligatorio\Tads\Hash\Abierto">
      <UniqueIdentifier>{821b456c-4f0d-4d0d-b0e2-c11428c559e5}</UniqueIdentifier>
    </Filter>
    <Filter Include="Obligatorio\Tads\Hash\Cerrado">
      <UniqueIdentifier>{18730aea-ba94-4d17-83f9-d0fe0ea6fea1}</UniqueIdentifier>
    </Filter>
    <Filter Include="Obligatorio\Tads\Lista\Ordenada">
      <UniqueIdentifier>{6bfa9f55-05e8-4550-85b1-6acdda275d69}</UniqueIdentifier>
    </Filter>
    <Filter Include="Obligatorio\Tads\Lista\Al Final">
      <UniqueIdentifier>{2fedee87-57e4-4251-8365-48886bc5df5d}</UniqueIdentifier>
    </Filter>
    <Filter Include="Obligatorio\Tads\PQ Extendida">
      <UniqueIdentifier>{879a7e04-3b7f-439a-b02e-2cad46821036}</UniqueIdentifier>
    </Filter>
    <Filter Include="Obligatorio\Tads\Grafo\DIjkstra">
      <UniqueIdentifier>{6b7f5437-2a95-423d-b2c4-96a2c4c6d34d}</UniqueIdentifier>
    </Filter>
    <Filter Include="Obligatorio\Comparaciones">
      <UniqueIdentifier>{538027f1-ce29-4e53-97f6-2f14e3f82772}</UniqueIdentifier>
    </Filter>
    <Filter Include="Obligatorio\Funciones Costo">
      <UniqueIdentifier>{906e8fb2-2cf8-44f7-acc1-92eb5d0345f6}</UniqueIdentifier>
    </Filter>
  </ItemGroup>
  <ItemGroup>
    <ClCompile Include="CasoDePrueba.cpp">
      <Filter>Obligatorio\Pruebas</Filter>
    </ClCompile>
    <ClCompile Include="Sistema.cpp">
      <Filter>Obligatorio\Implementacion</Filter>
    </ClCompile>
    <ClCompile Include="SistemaTemplates.cpp">
      <Filter>Obligatorio\Implementacion</Filter>
    </ClCompile>
    <ClCompile Include="main.cpp">
      <Filter>Obligatorio</Filter>
    </ClCompile>
    <ClCompile Include="ComparacionTuplaKV.cpp">
      <Filter>Obligatorio\Tads\Hash</Filter>
    </ClCompile>
    <ClCompile Include="HashAbiertoImpl.cpp">
      <Filter>Obligatorio\Tads\Hash\Abierto</Filter>
    </ClCompile>
    <ClCompile Include="TablaIteracion.cpp">
      <Filter>Obligatorio\Tads\Hash\Abierto</Filter>
    </ClCompile>
    <ClCompile Include="HashCerradoImpl.cpp">
      <Filter>Obligatorio\Tads\Hash\Cerrado</Filter>
    </ClCompile>
    <ClCompile Include="HashCerradoIteracion.cpp">
      <Filter>Obligatorio\Tads\Hash\Cerrado</Filter>
    </ClCompile>
    <ClCompile Include="ListaEncadenada.cpp">
      <Filter>Obligatorio\Tads\Lista\Al Final</Filter>
    </ClCompile>
    <ClCompile Include="ListaEncadenadaImp.cpp">
      <Filter>Obligatorio\Tads\Lista\Ordenada</Filter>
    </ClCompile>
    <ClCompile Include="ListaEncadenadaIteracion.cpp">
      <Filter>Obligatorio\Tads\Lista\Ordenada</Filter>
    </ClCompile>
    <ClCompile Include="GrafoListaAdy.cpp">
      <Filter>Obligatorio\Tads\Grafo</Filter>
    </ClCompile>
    <ClCompile Include="NodoGrafo.cpp">
      <Filter>Obligatorio\Tads\Grafo</Filter>
    </ClCompile>
    <ClCompile Include="ComparacionNodoGrafo.cpp">
      <Filter>Obligatorio\Tads\Grafo</Filter>
    </ClCompile>
    <ClCompile Include="CPBinaryHeap.cpp">
      <Filter>Obligatorio\Tads\PQ Extendida</Filter>
    </ClCompile>
    <ClCompile Include="TablaDijkstra.cpp">
      <Filter>Obligatorio\Tads\Grafo</Filter>
    </ClCompile>
    <ClCompile Include="ComparacionTuplaVV.cpp">
      <Filter>Obligatorio\Tads\PQ Extendida</Filter>
    </ClCompile>
    <ClCompile Include="CostoArco.cpp">
      <Filter>Obligatorio\Tads\Grafo\DIjkstra</Filter>
    </ClCompile>
    <ClCompile Include="Dijkstra.cpp">
      <Filter>Obligatorio\Tads\Grafo\DIjkstra</Filter>
    </ClCompile>
    <ClCompile Include="CostoNat.cpp">
      <Filter>Obligatorio\Tads\Grafo\DIjkstra</Filter>
    </ClCompile>
    <ClCompile Include="CadenaHash.cpp">
      <Filter>Obligatorio\Tads\Hash</Filter>
    </ClCompile>
    <ClCompile Include="ComparacionCostoMasBarato.cpp">
      <Filter>Obligatorio\Comparaciones</Filter>
    </ClCompile>
    <ClCompile Include="Funciones.cpp">
      <Filter>Obligatorio\Funciones Costo</Filter>
    </ClCompile>
    <ClCompile Include="ComparacionTiempo.cpp">
      <Filter>Obligatorio\Comparaciones</Filter>
    </ClCompile>
    <ClCompile Include="ComparacionCiudades.cpp">
      <Filter>Obligatorio\Comparaciones</Filter>
    </ClCompile>
    <ClCompile Include="ComparacionOmnibus.cpp">
      <Filter>Obligatorio\Comparaciones</Filter>
    </ClCompile>
    <ClCompile Include="ComparacionAviones.cpp">
      <Filter>Obligatorio\Comparaciones</Filter>
    </ClCompile>
    <ClCompile Include="ComparacionParadas.cpp">
      <Filter>Obligatorio\Comparaciones</Filter>
    </ClCompile>
    <ClCompile Include="ComparacionBaratoOmnibus.cpp">
      <Filter>Obligatorio\Comparaciones</Filter>
    </ClCompile>
  </ItemGroup>
  <ItemGroup>
    <ClInclude Include="CasoDePrueba.h">
      <Filter>Obligatorio\Pruebas</Filter>
    </ClInclude>
    <ClInclude Include="Sistema.h">
      <Filter>Obligatorio\Implementacion</Filter>
    </ClInclude>
    <ClInclude Include="Tabla.h">
      <Filter>Obligatorio\Tads\Hash</Filter>
    </ClInclude>
    <ClInclude Include="Grafo.h">
      <Filter>Obligatorio\Tads\Grafo</Filter>
    </ClInclude>
    <ClInclude Include="ComparacionTuplaKV.h">
      <Filter>Obligatorio\Tads\Hash</Filter>
    </ClInclude>
    <ClInclude Include="HashAbiertoImpl.h">
      <Filter>Obligatorio\Tads\Hash\Abierto</Filter>
    </ClInclude>
    <ClInclude Include="TablaIteracion.h">
      <Filter>Obligatorio\Tads\Hash\Abierto</Filter>
    </ClInclude>
    <ClInclude Include="HashCerradoImpl.h">
      <Filter>Obligatorio\Tads\Hash\Cerrado</Filter>
    </ClInclude>
    <ClInclude Include="HashCerradoIteracion.h">
      <Filter>Obligatorio\Tads\Hash\Cerrado</Filter>
    </ClInclude>
    <ClInclude Include="Lista.h">
      <Filter>Obligatorio\Tads\Lista\Al Final</Filter>
    </ClInclude>
    <ClInclude Include="Nodo.h">
      <Filter>Obligatorio\Tads\Lista\Al Final</Filter>
    </ClInclude>
    <ClInclude Include="ListaEncadenada.h">
      <Filter>Obligatorio\Tads\Lista\Al Final</Filter>
    </ClInclude>
    <ClInclude Include="ListaEncadenadaImp.h">
      <Filter>Obligatorio\Tads\Lista\Ordenada</Filter>
    </ClInclude>
    <ClInclude Include="ListaEncadenadaIteracion.h">
      <Filter>Obligatorio\Tads\Lista\Ordenada</Filter>
    </ClInclude>
    <ClInclude Include="ListaOrd.h">
      <Filter>Obligatorio\Tads\Lista\Ordenada</Filter>
    </ClInclude>
    <ClInclude Include="NodoLista.h">
      <Filter>Obligatorio\Tads\Lista\Ordenada</Filter>
    </ClInclude>
    <ClInclude Include="GrafoListaAdy.h">
      <Filter>Obligatorio\Tads\Grafo</Filter>
    </ClInclude>
    <ClInclude Include="NodoGrafo.h">
      <Filter>Obligatorio\Tads\Grafo</Filter>
    </ClInclude>
    <ClInclude Include="ComparacionNodoGrafo.h">
      <Filter>Obligatorio\Tads\Grafo</Filter>
    </ClInclude>
    <ClInclude Include="ColaPrioridadExtendida.h">
      <Filter>Obligatorio\Tads\PQ Extendida</Filter>
    </ClInclude>
    <ClInclude Include="CPBinaryHeap.h">
      <Filter>Obligatorio\Tads\PQ Extendida</Filter>
    </ClInclude>
    <ClInclude Include="TablaDijkstra.h">
      <Filter>Obligatorio\Tads\Grafo</Filter>
    </ClInclude>
    <ClInclude Include="ComparacionTuplaVV.h">
      <Filter>Obligatorio\Tads\PQ Extendida</Filter>
    </ClInclude>
    <ClInclude Include="CostoArco.h">
      <Filter>Obligatorio\Tads\Grafo\DIjkstra</Filter>
    </ClInclude>
    <ClInclude Include="Dijkstra.h">
      <Filter>Obligatorio\Tads\Grafo\DIjkstra</Filter>
    </ClInclude>
    <ClInclude Include="CostoNat.h">
      <Filter>Obligatorio\Tads\Grafo\DIjkstra</Filter>
    </ClInclude>
    <ClInclude Include="CadenaHash.h">
      <Filter>Obligatorio\Tads\Hash</Filter>
    </ClInclude>
    <ClInclude Include="FuncionCosto.h">
      <Filter>Obligatorio\Funciones Costo</Filter>
    </ClInclude>
    <ClInclude Include="ComparacionCostoMasBarato.h">
      <Filter>Obligatorio\Comparaciones</Filter>
    </ClInclude>
    <ClInclude Include="Funciones.h">
      <Filter>Obligatorio\Funciones Costo</Filter>
    </ClInclude>
    <ClInclude Include="ComparacionTiempo.h">
      <Filter>Obligatorio\Comparaciones</Filter>
    </ClInclude>
    <ClInclude Include="ComparacionCiudades.h">
      <Filter>Obligatorio\Comparaciones</Filter>
    </ClInclude>
    <ClInclude Include="ComparacionOmnibus.h">
      <Filter>Obligatorio\Comparaciones</Filter>
    </ClInclude>
    <ClInclude Include="ComparacionAviones.h">
      <Filter>Obligatorio\Comparaciones</Filter>
    </ClInclude>
    <ClInclude Include="ComparacionParadas.h">
      <Filter>Obligatorio\Comparaciones</Filter>
    </ClInclude>
    <ClInclude Include="ComparacionBaratoOmnibus.h">
      <Filter>Obligatorio\Comparaciones</Filter>
    </ClInclude>
  </ItemGroup>
</Project>